
Microsoft Visual Studio Solution File, Format Version 12.00
# Visual Studio Version 16
VisualStudioVersion = 16.0.30804.86
MinimumVisualStudioVersion = 10.0.40219.1
Project("{9A19103F-16F7-4668-BE54-9A1E7A4F7556}") = "Submit_Ship.WebAPI", "Submit_Ship.WebAPI\Submit_Ship.WebAPI.csproj", "{4CD1E7FA-CD72-4157-841F-3F44167DB3DB}"
EndProject
Project("{9A19103F-16F7-4668-BE54-9A1E7A4F7556}") = "Submit_Ship.Model", "Submit_Ship.Model\Submit_Ship.Model.csproj", "{D129FE2B-1DC8-4644-B526-550B679E93F8}"
EndProject
Project("{FAE04EC0-301F-11D3-BF4B-00C04F79EFBC}") = "Submit_Ship.WinUI", "Submit_Ship.WinUI\Submit_Ship.WinUI.csproj", "{DCF674DA-6CF8-4595-96D3-D2241F5DCFDC}"
EndProject
Project("{2150E333-8FDC-42A3-9474-1A3956D46DE8}") = "Mobile", "Mobile", "{B1FDB55A-1697-4449-9E4A-0147EFD869FF}"
EndProject
Project("{FAE04EC0-301F-11D3-BF4B-00C04F79EFBC}") = "Submit_Ship.Mobile.UWP", "Submit_Ship.Mobile\Submit_Ship.Mobile.UWP\Submit_Ship.Mobile.UWP.csproj", "{4A2E5CF8-BF2B-4224-BB19-994A4F1C11B9}"
EndProject
Project("{FAE04EC0-301F-11D3-BF4B-00C04F79EFBC}") = "Submit_Ship.Mobile.Android", "Submit_Ship.Mobile\Submit_Ship.Mobile.Android\Submit_Ship.Mobile.Android.csproj", "{117967FA-DA77-4525-8683-13F5B5A75C97}"
EndProject
Project("{FAE04EC0-301F-11D3-BF4B-00C04F79EFBC}") = "Submit_Ship.Mobile.iOS", "Submit_Ship.Mobile\Submit_Ship.Mobile.iOS\Submit_Ship.Mobile.iOS.csproj", "{5C206E10-707C-4DCA-9AB7-10BCEB89FE96}"
EndProject
Project("{FAE04EC0-301F-11D3-BF4B-00C04F79EFBC}") = "Submit_Ship.Mobile", "Submit_Ship.Mobile\Submit_Ship.Mobile\Submit_Ship.Mobile.csproj", "{FC767E98-CBB3-44CB-AE7E-B2C9F6293AC8}"
EndProject
Global
	GlobalSection(SolutionConfigurationPlatforms) = preSolution
		Debug|Any CPU = Debug|Any CPU
		Debug|ARM = Debug|ARM
		Debug|iPhone = Debug|iPhone
		Debug|iPhoneSimulator = Debug|iPhoneSimulator
		Debug|x64 = Debug|x64
		Debug|x86 = Debug|x86
		Release|Any CPU = Release|Any CPU
		Release|ARM = Release|ARM
		Release|iPhone = Release|iPhone
		Release|iPhoneSimulator = Release|iPhoneSimulator
		Release|x64 = Release|x64
		Release|x86 = Release|x86
	EndGlobalSection
	GlobalSection(ProjectConfigurationPlatforms) = postSolution
		{4CD1E7FA-CD72-4157-841F-3F44167DB3DB}.Debug|Any CPU.ActiveCfg = Debug|Any CPU
		{4CD1E7FA-CD72-4157-841F-3F44167DB3DB}.Debug|Any CPU.Build.0 = Debug|Any CPU
		{4CD1E7FA-CD72-4157-841F-3F44167DB3DB}.Debug|ARM.ActiveCfg = Debug|Any CPU
		{4CD1E7FA-CD72-4157-841F-3F44167DB3DB}.Debug|ARM.Build.0 = Debug|Any CPU
		{4CD1E7FA-CD72-4157-841F-3F44167DB3DB}.Debug|iPhone.ActiveCfg = Debug|Any CPU
		{4CD1E7FA-CD72-4157-841F-3F44167DB3DB}.Debug|iPhone.Build.0 = Debug|Any CPU
		{4CD1E7FA-CD72-4157-841F-3F44167DB3DB}.Debug|iPhoneSimulator.ActiveCfg = Debug|Any CPU
		{4CD1E7FA-CD72-4157-841F-3F44167DB3DB}.Debug|iPhoneSimulator.Build.0 = Debug|Any CPU
		{4CD1E7FA-CD72-4157-841F-3F44167DB3DB}.Debug|x64.ActiveCfg = Debug|Any CPU
		{4CD1E7FA-CD72-4157-841F-3F44167DB3DB}.Debug|x64.Build.0 = Debug|Any CPU
		{4CD1E7FA-CD72-4157-841F-3F44167DB3DB}.Debug|x86.ActiveCfg = Debug|Any CPU
		{4CD1E7FA-CD72-4157-841F-3F44167DB3DB}.Debug|x86.Build.0 = Debug|Any CPU
		{4CD1E7FA-CD72-4157-841F-3F44167DB3DB}.Release|Any CPU.ActiveCfg = Release|Any CPU
		{4CD1E7FA-CD72-4157-841F-3F44167DB3DB}.Release|Any CPU.Build.0 = Release|Any CPU
		{4CD1E7FA-CD72-4157-841F-3F44167DB3DB}.Release|ARM.ActiveCfg = Release|Any CPU
		{4CD1E7FA-CD72-4157-841F-3F44167DB3DB}.Release|ARM.Build.0 = Release|Any CPU
		{4CD1E7FA-CD72-4157-841F-3F44167DB3DB}.Release|iPhone.ActiveCfg = Release|Any CPU
		{4CD1E7FA-CD72-4157-841F-3F44167DB3DB}.Release|iPhone.Build.0 = Release|Any CPU
		{4CD1E7FA-CD72-4157-841F-3F44167DB3DB}.Release|iPhoneSimulator.ActiveCfg = Release|Any CPU
		{4CD1E7FA-CD72-4157-841F-3F44167DB3DB}.Release|iPhoneSimulator.Build.0 = Release|Any CPU
		{4CD1E7FA-CD72-4157-841F-3F44167DB3DB}.Release|x64.ActiveCfg = Release|Any CPU
		{4CD1E7FA-CD72-4157-841F-3F44167DB3DB}.Release|x64.Build.0 = Release|Any CPU
		{4CD1E7FA-CD72-4157-841F-3F44167DB3DB}.Release|x86.ActiveCfg = Release|Any CPU
		{4CD1E7FA-CD72-4157-841F-3F44167DB3DB}.Release|x86.Build.0 = Release|Any CPU
		{D129FE2B-1DC8-4644-B526-550B679E93F8}.Debug|Any CPU.ActiveCfg = Debug|Any CPU
		{D129FE2B-1DC8-4644-B526-550B679E93F8}.Debug|Any CPU.Build.0 = Debug|Any CPU
		{D129FE2B-1DC8-4644-B526-550B679E93F8}.Debug|ARM.ActiveCfg = Debug|Any CPU
		{D129FE2B-1DC8-4644-B526-550B679E93F8}.Debug|ARM.Build.0 = Debug|Any CPU
		{D129FE2B-1DC8-4644-B526-550B679E93F8}.Debug|iPhone.ActiveCfg = Debug|Any CPU
		{D129FE2B-1DC8-4644-B526-550B679E93F8}.Debug|iPhone.Build.0 = Debug|Any CPU
		{D129FE2B-1DC8-4644-B526-550B679E93F8}.Debug|iPhoneSimulator.ActiveCfg = Debug|Any CPU
		{D129FE2B-1DC8-4644-B526-550B679E93F8}.Debug|iPhoneSimulator.Build.0 = Debug|Any CPU
		{D129FE2B-1DC8-4644-B526-550B679E93F8}.Debug|x64.ActiveCfg = Debug|Any CPU
		{D129FE2B-1DC8-4644-B526-550B679E93F8}.Debug|x64.Build.0 = Debug|Any CPU
		{D129FE2B-1DC8-4644-B526-550B679E93F8}.Debug|x86.ActiveCfg = Debug|Any CPU
		{D129FE2B-1DC8-4644-B526-550B679E93F8}.Debug|x86.Build.0 = Debug|Any CPU
		{D129FE2B-1DC8-4644-B526-550B679E93F8}.Release|Any CPU.ActiveCfg = Release|Any CPU
		{D129FE2B-1DC8-4644-B526-550B679E93F8}.Release|Any CPU.Build.0 = Release|Any CPU
		{D129FE2B-1DC8-4644-B526-550B679E93F8}.Release|ARM.ActiveCfg = Release|Any CPU
		{D129FE2B-1DC8-4644-B526-550B679E93F8}.Release|ARM.Build.0 = Release|Any CPU
		{D129FE2B-1DC8-4644-B526-550B679E93F8}.Release|iPhone.ActiveCfg = Release|Any CPU
		{D129FE2B-1DC8-4644-B526-550B679E93F8}.Release|iPhone.Build.0 = Release|Any CPU
		{D129FE2B-1DC8-4644-B526-550B679E93F8}.Release|iPhoneSimulator.ActiveCfg = Release|Any CPU
		{D129FE2B-1DC8-4644-B526-550B679E93F8}.Release|iPhoneSimulator.Build.0 = Release|Any CPU
		{D129FE2B-1DC8-4644-B526-550B679E93F8}.Release|x64.ActiveCfg = Release|Any CPU
		{D129FE2B-1DC8-4644-B526-550B679E93F8}.Release|x64.Build.0 = Release|Any CPU
		{D129FE2B-1DC8-4644-B526-550B679E93F8}.Release|x86.ActiveCfg = Release|Any CPU
		{D129FE2B-1DC8-4644-B526-550B679E93F8}.Release|x86.Build.0 = Release|Any CPU
		{DCF674DA-6CF8-4595-96D3-D2241F5DCFDC}.Debug|Any CPU.ActiveCfg = Debug|Any CPU
		{DCF674DA-6CF8-4595-96D3-D2241F5DCFDC}.Debug|Any CPU.Build.0 = Debug|Any CPU
		{DCF674DA-6CF8-4595-96D3-D2241F5DCFDC}.Debug|ARM.ActiveCfg = Debug|Any CPU
		{DCF674DA-6CF8-4595-96D3-D2241F5DCFDC}.Debug|ARM.Build.0 = Debug|Any CPU
		{DCF674DA-6CF8-4595-96D3-D2241F5DCFDC}.Debug|iPhone.ActiveCfg = Debug|Any CPU
		{DCF674DA-6CF8-4595-96D3-D2241F5DCFDC}.Debug|iPhone.Build.0 = Debug|Any CPU
		{DCF674DA-6CF8-4595-96D3-D2241F5DCFDC}.Debug|iPhoneSimulator.ActiveCfg = Debug|Any CPU
		{DCF674DA-6CF8-4595-96D3-D2241F5DCFDC}.Debug|iPhoneSimulator.Build.0 = Debug|Any CPU
		{DCF674DA-6CF8-4595-96D3-D2241F5DCFDC}.Debug|x64.ActiveCfg = Debug|Any CPU
		{DCF674DA-6CF8-4595-96D3-D2241F5DCFDC}.Debug|x64.Build.0 = Debug|Any CPU
		{DCF674DA-6CF8-4595-96D3-D2241F5DCFDC}.Debug|x86.ActiveCfg = Debug|Any CPU
		{DCF674DA-6CF8-4595-96D3-D2241F5DCFDC}.Debug|x86.Build.0 = Debug|Any CPU
		{DCF674DA-6CF8-4595-96D3-D2241F5DCFDC}.Release|Any CPU.ActiveCfg = Release|Any CPU
		{DCF674DA-6CF8-4595-96D3-D2241F5DCFDC}.Release|Any CPU.Build.0 = Release|Any CPU
		{DCF674DA-6CF8-4595-96D3-D2241F5DCFDC}.Release|ARM.ActiveCfg = Release|Any CPU
		{DCF674DA-6CF8-4595-96D3-D2241F5DCFDC}.Release|ARM.Build.0 = Release|Any CPU
		{DCF674DA-6CF8-4595-96D3-D2241F5DCFDC}.Release|iPhone.ActiveCfg = Release|Any CPU
		{DCF674DA-6CF8-4595-96D3-D2241F5DCFDC}.Release|iPhone.Build.0 = Release|Any CPU
		{DCF674DA-6CF8-4595-96D3-D2241F5DCFDC}.Release|iPhoneSimulator.ActiveCfg = Release|Any CPU
		{DCF674DA-6CF8-4595-96D3-D2241F5DCFDC}.Release|iPhoneSimulator.Build.0 = Release|Any CPU
		{DCF674DA-6CF8-4595-96D3-D2241F5DCFDC}.Release|x64.ActiveCfg = Release|Any CPU
		{DCF674DA-6CF8-4595-96D3-D2241F5DCFDC}.Release|x64.Build.0 = Release|Any CPU
		{DCF674DA-6CF8-4595-96D3-D2241F5DCFDC}.Release|x86.ActiveCfg = Release|Any CPU
		{DCF674DA-6CF8-4595-96D3-D2241F5DCFDC}.Release|x86.Build.0 = Release|Any CPU
		{4A2E5CF8-BF2B-4224-BB19-994A4F1C11B9}.Debug|Any CPU.ActiveCfg = Debug|x86
		{4A2E5CF8-BF2B-4224-BB19-994A4F1C11B9}.Debug|ARM.ActiveCfg = Debug|ARM
		{4A2E5CF8-BF2B-4224-BB19-994A4F1C11B9}.Debug|ARM.Build.0 = Debug|ARM
		{4A2E5CF8-BF2B-4224-BB19-994A4F1C11B9}.Debug|ARM.Deploy.0 = Debug|ARM
		{4A2E5CF8-BF2B-4224-BB19-994A4F1C11B9}.Debug|iPhone.ActiveCfg = Debug|x86
		{4A2E5CF8-BF2B-4224-BB19-994A4F1C11B9}.Debug|iPhoneSimulator.ActiveCfg = Debug|x86
		{4A2E5CF8-BF2B-4224-BB19-994A4F1C11B9}.Debug|x64.ActiveCfg = Debug|x64
		{4A2E5CF8-BF2B-4224-BB19-994A4F1C11B9}.Debug|x64.Build.0 = Debug|x64
		{4A2E5CF8-BF2B-4224-BB19-994A4F1C11B9}.Debug|x64.Deploy.0 = Debug|x64
		{4A2E5CF8-BF2B-4224-BB19-994A4F1C11B9}.Debug|x86.ActiveCfg = Debug|x86
		{4A2E5CF8-BF2B-4224-BB19-994A4F1C11B9}.Debug|x86.Build.0 = Debug|x86
		{4A2E5CF8-BF2B-4224-BB19-994A4F1C11B9}.Debug|x86.Deploy.0 = Debug|x86
		{4A2E5CF8-BF2B-4224-BB19-994A4F1C11B9}.Release|Any CPU.ActiveCfg = Release|x86
		{4A2E5CF8-BF2B-4224-BB19-994A4F1C11B9}.Release|ARM.ActiveCfg = Release|ARM
		{4A2E5CF8-BF2B-4224-BB19-994A4F1C11B9}.Release|ARM.Build.0 = Release|ARM
		{4A2E5CF8-BF2B-4224-BB19-994A4F1C11B9}.Release|ARM.Deploy.0 = Release|ARM
		{4A2E5CF8-BF2B-4224-BB19-994A4F1C11B9}.Release|iPhone.ActiveCfg = Release|x86
		{4A2E5CF8-BF2B-4224-BB19-994A4F1C11B9}.Release|iPhoneSimulator.ActiveCfg = Release|x86
		{4A2E5CF8-BF2B-4224-BB19-994A4F1C11B9}.Release|x64.ActiveCfg = Release|x64
		{4A2E5CF8-BF2B-4224-BB19-994A4F1C11B9}.Release|x64.Build.0 = Release|x64
		{4A2E5CF8-BF2B-4224-BB19-994A4F1C11B9}.Release|x64.Deploy.0 = Release|x64
		{4A2E5CF8-BF2B-4224-BB19-994A4F1C11B9}.Release|x86.ActiveCfg = Release|x86
		{4A2E5CF8-BF2B-4224-BB19-994A4F1C11B9}.Release|x86.Build.0 = Release|x86
		{4A2E5CF8-BF2B-4224-BB19-994A4F1C11B9}.Release|x86.Deploy.0 = Release|x86
		{117967FA-DA77-4525-8683-13F5B5A75C97}.Debug|Any CPU.ActiveCfg = Debug|Any CPU
		{117967FA-DA77-4525-8683-13F5B5A75C97}.Debug|Any CPU.Build.0 = Debug|Any CPU
		{117967FA-DA77-4525-8683-13F5B5A75C97}.Debug|Any CPU.Deploy.0 = Debug|Any CPU
		{117967FA-DA77-4525-8683-13F5B5A75C97}.Debug|ARM.ActiveCfg = Debug|Any CPU
		{117967FA-DA77-4525-8683-13F5B5A75C97}.Debug|ARM.Build.0 = Debug|Any CPU
		{117967FA-DA77-4525-8683-13F5B5A75C97}.Debug|ARM.Deploy.0 = Debug|Any CPU
		{117967FA-DA77-4525-8683-13F5B5A75C97}.Debug|iPhone.ActiveCfg = Debug|Any CPU
		{117967FA-DA77-4525-8683-13F5B5A75C97}.Debug|iPhone.Build.0 = Debug|Any CPU
		{117967FA-DA77-4525-8683-13F5B5A75C97}.Debug|iPhone.Deploy.0 = Debug|Any CPU
		{117967FA-DA77-4525-8683-13F5B5A75C97}.Debug|iPhoneSimulator.ActiveCfg = Debug|Any CPU
		{117967FA-DA77-4525-8683-13F5B5A75C97}.Debug|iPhoneSimulator.Build.0 = Debug|Any CPU
		{117967FA-DA77-4525-8683-13F5B5A75C97}.Debug|iPhoneSimulator.Deploy.0 = Debug|Any CPU
		{117967FA-DA77-4525-8683-13F5B5A75C97}.Debug|x64.ActiveCfg = Debug|Any CPU
		{117967FA-DA77-4525-8683-13F5B5A75C97}.Debug|x64.Build.0 = Debug|Any CPU
		{117967FA-DA77-4525-8683-13F5B5A75C97}.Debug|x64.Deploy.0 = Debug|Any CPU
		{117967FA-DA77-4525-8683-13F5B5A75C97}.Debug|x86.ActiveCfg = Debug|Any CPU
		{117967FA-DA77-4525-8683-13F5B5A75C97}.Debug|x86.Build.0 = Debug|Any CPU
		{117967FA-DA77-4525-8683-13F5B5A75C97}.Debug|x86.Deploy.0 = Debug|Any CPU
		{117967FA-DA77-4525-8683-13F5B5A75C97}.Release|Any CPU.ActiveCfg = Release|Any CPU
		{117967FA-DA77-4525-8683-13F5B5A75C97}.Release|Any CPU.Build.0 = Release|Any CPU
		{117967FA-DA77-4525-8683-13F5B5A75C97}.Release|Any CPU.Deploy.0 = Release|Any CPU
		{117967FA-DA77-4525-8683-13F5B5A75C97}.Release|ARM.ActiveCfg = Release|Any CPU
		{117967FA-DA77-4525-8683-13F5B5A75C97}.Release|ARM.Build.0 = Release|Any CPU
		{117967FA-DA77-4525-8683-13F5B5A75C97}.Release|ARM.Deploy.0 = Release|Any CPU
		{117967FA-DA77-4525-8683-13F5B5A75C97}.Release|iPhone.ActiveCfg = Release|Any CPU
		{117967FA-DA77-4525-8683-13F5B5A75C97}.Release|iPhone.Build.0 = Release|Any CPU
		{117967FA-DA77-4525-8683-13F5B5A75C97}.Release|iPhone.Deploy.0 = Release|Any CPU
		{117967FA-DA77-4525-8683-13F5B5A75C97}.Release|iPhoneSimulator.ActiveCfg = Release|Any CPU
		{117967FA-DA77-4525-8683-13F5B5A75C97}.Release|iPhoneSimulator.Build.0 = Release|Any CPU
		{117967FA-DA77-4525-8683-13F5B5A75C97}.Release|iPhoneSimulator.Deploy.0 = Release|Any CPU
		{117967FA-DA77-4525-8683-13F5B5A75C97}.Release|x64.ActiveCfg = Release|Any CPU
		{117967FA-DA77-4525-8683-13F5B5A75C97}.Release|x64.Build.0 = Release|Any CPU
		{117967FA-DA77-4525-8683-13F5B5A75C97}.Release|x64.Deploy.0 = Release|Any CPU
		{117967FA-DA77-4525-8683-13F5B5A75C97}.Release|x86.ActiveCfg = Release|Any CPU
		{117967FA-DA77-4525-8683-13F5B5A75C97}.Release|x86.Build.0 = Release|Any CPU
		{117967FA-DA77-4525-8683-13F5B5A75C97}.Release|x86.Deploy.0 = Release|Any CPU
		{5C206E10-707C-4DCA-9AB7-10BCEB89FE96}.Debug|Any CPU.ActiveCfg = Debug|iPhoneSimulator
		{5C206E10-707C-4DCA-9AB7-10BCEB89FE96}.Debug|ARM.ActiveCfg = Debug|iPhoneSimulator
		{5C206E10-707C-4DCA-9AB7-10BCEB89FE96}.Debug|iPhone.ActiveCfg = Debug|iPhone
		{5C206E10-707C-4DCA-9AB7-10BCEB89FE96}.Debug|iPhone.Build.0 = Debug|iPhone
		{5C206E10-707C-4DCA-9AB7-10BCEB89FE96}.Debug|iPhoneSimulator.ActiveCfg = Debug|iPhoneSimulator
		{5C206E10-707C-4DCA-9AB7-10BCEB89FE96}.Debug|iPhoneSimulator.Build.0 = Debug|iPhoneSimulator
		{5C206E10-707C-4DCA-9AB7-10BCEB89FE96}.Debug|x64.ActiveCfg = Debug|iPhoneSimulator
		{5C206E10-707C-4DCA-9AB7-10BCEB89FE96}.Debug|x86.ActiveCfg = Debug|iPhoneSimulator
		{5C206E10-707C-4DCA-9AB7-10BCEB89FE96}.Release|Any CPU.ActiveCfg = Release|iPhoneSimulator
		{5C206E10-707C-4DCA-9AB7-10BCEB89FE96}.Release|ARM.ActiveCfg = Release|iPhoneSimulator
		{5C206E10-707C-4DCA-9AB7-10BCEB89FE96}.Release|iPhone.ActiveCfg = Release|iPhone
		{5C206E10-707C-4DCA-9AB7-10BCEB89FE96}.Release|iPhone.Build.0 = Release|iPhone
		{5C206E10-707C-4DCA-9AB7-10BCEB89FE96}.Release|iPhoneSimulator.ActiveCfg = Release|iPhoneSimulator
		{5C206E10-707C-4DCA-9AB7-10BCEB89FE96}.Release|iPhoneSimulator.Build.0 = Release|iPhoneSimulator
		{5C206E10-707C-4DCA-9AB7-10BCEB89FE96}.Release|x64.ActiveCfg = Release|iPhoneSimulator
		{5C206E10-707C-4DCA-9AB7-10BCEB89FE96}.Release|x86.ActiveCfg = Release|iPhoneSimulator
		{FC767E98-CBB3-44CB-AE7E-B2C9F6293AC8}.Debug|Any CPU.ActiveCfg = Debug|Any CPU
		{FC767E98-CBB3-44CB-AE7E-B2C9F6293AC8}.Debug|Any CPU.Build.0 = Debug|Any CPU
		{FC767E98-CBB3-44CB-AE7E-B2C9F6293AC8}.Debug|ARM.ActiveCfg = Debug|Any CPU
		{FC767E98-CBB3-44CB-AE7E-B2C9F6293AC8}.Debug|ARM.Build.0 = Debug|Any CPU
		{FC767E98-CBB3-44CB-AE7E-B2C9F6293AC8}.Debug|iPhone.ActiveCfg = Debug|Any CPU
		{FC767E98-CBB3-44CB-AE7E-B2C9F6293AC8}.Debug|iPhone.Build.0 = Debug|Any CPU
		{FC767E98-CBB3-44CB-AE7E-B2C9F6293AC8}.Debug|iPhoneSimulator.ActiveCfg = Debug|Any CPU
		{FC767E98-CBB3-44CB-AE7E-B2C9F6293AC8}.Debug|iPhoneSimulator.Build.0 = Debug|Any CPU
		{FC767E98-CBB3-44CB-AE7E-B2C9F6293AC8}.Debug|x64.ActiveCfg = Debug|Any CPU
		{FC767E98-CBB3-44CB-AE7E-B2C9F6293AC8}.Debug|x64.Build.0 = Debug|Any CPU
		{FC767E98-CBB3-44CB-AE7E-B2C9F6293AC8}.Debug|x86.ActiveCfg = Debug|Any CPU
		{FC767E98-CBB3-44CB-AE7E-B2C9F6293AC8}.Debug|x86.Build.0 = Debug|Any CPU
		{FC767E98-CBB3-44CB-AE7E-B2C9F6293AC8}.Release|Any CPU.ActiveCfg = Release|Any CPU
		{FC767E98-CBB3-44CB-AE7E-B2C9F6293AC8}.Release|Any CPU.Build.0 = Release|Any CPU
		{FC767E98-CBB3-44CB-AE7E-B2C9F6293AC8}.Release|ARM.ActiveCfg = Release|Any CPU
		{FC767E98-CBB3-44CB-AE7E-B2C9F6293AC8}.Release|ARM.Build.0 = Release|Any CPU
		{FC767E98-CBB3-44CB-AE7E-B2C9F6293AC8}.Release|iPhone.ActiveCfg = Release|Any CPU
		{FC767E98-CBB3-44CB-AE7E-B2C9F6293AC8}.Release|iPhone.Build.0 = Release|Any CPU
		{FC767E98-CBB3-44CB-AE7E-B2C9F6293AC8}.Release|iPhoneSimulator.ActiveCfg = Release|Any CPU
		{FC767E98-CBB3-44CB-AE7E-B2C9F6293AC8}.Release|iPhoneSimulator.Build.0 = Release|Any CPU
		{FC767E98-CBB3-44CB-AE7E-B2C9F6293AC8}.Release|x64.ActiveCfg = Release|Any CPU
		{FC767E98-CBB3-44CB-AE7E-B2C9F6293AC8}.Release|x64.Build.0 = Release|Any CPU
		{FC767E98-CBB3-44CB-AE7E-B2C9F6293AC8}.Release|x86.ActiveCfg = Release|Any CPU
		{FC767E98-CBB3-44CB-AE7E-B2C9F6293AC8}.Release|x86.Build.0 = Release|Any CPU
	EndGlobalSection
	GlobalSection(SolutionProperties) = preSolution
		HideSolutionNode = FALSE
	EndGlobalSection
	GlobalSection(NestedProjects) = preSolution
		{4A2E5CF8-BF2B-4224-BB19-994A4F1C11B9} = {B1FDB55A-1697-4449-9E4A-0147EFD869FF}
		{117967FA-DA77-4525-8683-13F5B5A75C97} = {B1FDB55A-1697-4449-9E4A-0147EFD869FF}
		{5C206E10-707C-4DCA-9AB7-10BCEB89FE96} = {B1FDB55A-1697-4449-9E4A-0147EFD869FF}
		{FC767E98-CBB3-44CB-AE7E-B2C9F6293AC8} = {B1FDB55A-1697-4449-9E4A-0147EFD869FF}
	EndGlobalSection
	GlobalSection(ExtensibilityGlobals) = postSolution
		SolutionGuid = {7E65413B-2FBE-47BC-9C98-76969E4391C2}
	EndGlobalSection
EndGlobal
